
Microsoft Visual Studio Solution File, Format Version 12.00
# Visual Studio Version 17
VisualStudioVersion = 17.0.32014.148
MinimumVisualStudioVersion = 10.0.40219.1
Project("{FAE04EC0-301F-11D3-BF4B-00C04F79EFBC}") = "WEB", "WEB\WEB.csproj", "{89B0C3B7-7103-4CB2-8241-056746D9A0CB}"
EndProject
Project("{FAE04EC0-301F-11D3-BF4B-00C04F79EFBC}") = "Domain", "Domain\Domain.csproj", "{226B7C53-6DC2-4DC3-AC2A-EBE9659F3CA0}"
EndProject
Project("{FAE04EC0-301F-11D3-BF4B-00C04F79EFBC}") = "UseCases", "UseCases\UseCases.csproj", "{0BA7FACD-F001-49AF-B340-A650101E7318}"
EndProject
Project("{FAE04EC0-301F-11D3-BF4B-00C04F79EFBC}") = "Infrastructure.Abstractions", "Infrastructure.Abstractions\Infrastructure.Abstractions.csproj", "{9AF74F0F-321F-48E5-9D65-B2A56C7BD812}"
EndProject
Project("{FAE04EC0-301F-11D3-BF4B-00C04F79EFBC}") = "UseCases.Common", "UseCases.Common\UseCases.Common.csproj", "{A7B7E041-F28F-48B3-8EC5-89CB72173155}"
EndProject
Project("{FAE04EC0-301F-11D3-BF4B-00C04F79EFBC}") = "Infrastructure.Common", "Infrastructure.Common\Infrastructure.Common.csproj", "{E091CCDF-9029-4479-96A8-A42A321E22C8}"
EndProject
Global
	GlobalSection(SolutionConfigurationPlatforms) = preSolution
		Debug|Any CPU = Debug|Any CPU
		Release|Any CPU = Release|Any CPU
	EndGlobalSection
	GlobalSection(ProjectConfigurationPlatforms) = postSolution
		{89B0C3B7-7103-4CB2-8241-056746D9A0CB}.Debug|Any CPU.ActiveCfg = Debug|Any CPU
		{89B0C3B7-7103-4CB2-8241-056746D9A0CB}.Debug|Any CPU.Build.0 = Debug|Any CPU
		{89B0C3B7-7103-4CB2-8241-056746D9A0CB}.Release|Any CPU.ActiveCfg = Release|Any CPU
		{89B0C3B7-7103-4CB2-8241-056746D9A0CB}.Release|Any CPU.Build.0 = Release|Any CPU
		{226B7C53-6DC2-4DC3-AC2A-EBE9659F3CA0}.Debug|Any CPU.ActiveCfg = Debug|Any CPU
		{226B7C53-6DC2-4DC3-AC2A-EBE9659F3CA0}.Debug|Any CPU.Build.0 = Debug|Any CPU
		{226B7C53-6DC2-4DC3-AC2A-EBE9659F3CA0}.Release|Any CPU.ActiveCfg = Release|Any CPU
		{226B7C53-6DC2-4DC3-AC2A-EBE9659F3CA0}.Release|Any CPU.Build.0 = Release|Any CPU
		{0BA7FACD-F001-49AF-B340-A650101E7318}.Debug|Any CPU.ActiveCfg = Debug|Any CPU
		{0BA7FACD-F001-49AF-B340-A650101E7318}.Debug|Any CPU.Build.0 = Debug|Any CPU
		{0BA7FACD-F001-49AF-B340-A650101E7318}.Release|Any CPU.ActiveCfg = Release|Any CPU
		{0BA7FACD-F001-49AF-B340-A650101E7318}.Release|Any CPU.Build.0 = Release|Any CPU
		{9AF74F0F-321F-48E5-9D65-B2A56C7BD812}.Debug|Any CPU.ActiveCfg = Debug|Any CPU
		{9AF74F0F-321F-48E5-9D65-B2A56C7BD812}.Debug|Any CPU.Build.0 = Debug|Any CPU
		{9AF74F0F-321F-48E5-9D65-B2A56C7BD812}.Release|Any CPU.ActiveCfg = Release|Any CPU
		{9AF74F0F-321F-48E5-9D65-B2A56C7BD812}.Release|Any CPU.Build.0 = Release|Any CPU
		{A7B7E041-F28F-48B3-8EC5-89CB72173155}.Debug|Any CPU.ActiveCfg = Debug|Any CPU
		{A7B7E041-F28F-48B3-8EC5-89CB72173155}.Debug|Any CPU.Build.0 = Debug|Any CPU
		{A7B7E041-F28F-48B3-8EC5-89CB72173155}.Release|Any CPU.ActiveCfg = Release|Any CPU
		{A7B7E041-F28F-48B3-8EC5-89CB72173155}.Release|Any CPU.Build.0 = Release|Any CPU
		{E091CCDF-9029-4479-96A8-A42A321E22C8}.Debug|Any CPU.ActiveCfg = Debug|Any CPU
		{E091CCDF-9029-4479-96A8-A42A321E22C8}.Debug|Any CPU.Build.0 = Debug|Any CPU
		{E091CCDF-9029-4479-96A8-A42A321E22C8}.Release|Any CPU.ActiveCfg = Release|Any CPU
		{E091CCDF-9029-4479-96A8-A42A321E22C8}.Release|Any CPU.Build.0 = Release|Any CPU
	EndGlobalSection
	GlobalSection(SolutionProperties) = preSolution
		HideSolutionNode = FALSE
	EndGlobalSection
	GlobalSection(ExtensibilityGlobals) = postSolution
		SolutionGuid = {B904B95D-6445-4B1C-AB23-AEEBAA8EE025}
	EndGlobalSection
EndGlobal
